// !$*UTF8*$!
{
	archiveVersion = 1;
	classes = {
	};
	objectVersion = 46;
	objects = {

/* Begin PBXBuildFile section */
		D54BC8491B17E8FC0023DE01 /* main.m in Sources */ = {isa = PBXBuildFile; fileRef = D54BC8481B17E8FC0023DE01 /* main.m */; };
		D54BC84C1B17E8FC0023DE01 /* AppDelegate.m in Sources */ = {isa = PBXBuildFile; fileRef = D54BC84B1B17E8FC0023DE01 /* AppDelegate.m */; };
		D54BC84F1B17E8FC0023DE01 /* FrontPage.xcdatamodeld in Sources */ = {isa = PBXBuildFile; fileRef = D54BC84D1B17E8FC0023DE01 /* FrontPage.xcdatamodeld */; };
		D54BC8521B17E8FC0023DE01 /* ViewController.m in Sources */ = {isa = PBXBuildFile; fileRef = D54BC8511B17E8FC0023DE01 /* ViewController.m */; };
		D54BC8551B17E8FC0023DE01 /* Main.storyboard in Resources */ = {isa = PBXBuildFile; fileRef = D54BC8531B17E8FC0023DE01 /* Main.storyboard */; };
		D54BC8571B17E8FC0023DE01 /* Images.xcassets in Resources */ = {isa = PBXBuildFile; fileRef = D54BC8561B17E8FC0023DE01 /* Images.xcassets */; };
		D54BC85A1B17E8FC0023DE01 /* LaunchScreen.xib in Resources */ = {isa = PBXBuildFile; fileRef = D54BC8581B17E8FC0023DE01 /* LaunchScreen.xib */; };
		D54BC8661B17E8FC0023DE01 /* FrontPageTests.m in Sources */ = {isa = PBXBuildFile; fileRef = D54BC8651B17E8FC0023DE01 /* FrontPageTests.m */; };
		D54BC8731B17EA670023DE01 /* dayuan@3x.png in Resources */ = {isa = PBXBuildFile; fileRef = D54BC86F1B17EA670023DE01 /* dayuan@3x.png */; };
		D54BC8741B17EA670023DE01 /* nanzhuang@3x.png in Resources */ = {isa = PBXBuildFile; fileRef = D54BC8701B17EA670023DE01 /* nanzhuang@3x.png */; };
		D54BC8751B17EA670023DE01 /* nvzhuang@3x.png in Resources */ = {isa = PBXBuildFile; fileRef = D54BC8711B17EA670023DE01 /* nvzhuang@3x.png */; };
		D54BC8761B17EA670023DE01 /* xiaodian@3x.png in Resources */ = {isa = PBXBuildFile; fileRef = D54BC8721B17EA670023DE01 /* xiaodian@3x.png */; };
		D54BC8781B17EBD30023DE01 /* dayuanfront@3x.png in Resources */ = {isa = PBXBuildFile; fileRef = D54BC8771B17EBD30023DE01 /* dayuanfront@3x.png */; };
		D54BC87B1B1847760023DE01 /* dadian@3x.png in Resources */ = {isa = PBXBuildFile; fileRef = D54BC87A1B1847760023DE01 /* dadian@3x.png */; };
/* End PBXBuildFile section */

/* Begin PBXContainerItemProxy section */
		D54BC8601B17E8FC0023DE01 /* PBXContainerItemProxy */ = {
			isa = PBXContainerItemProxy;
			containerPortal = D54BC83B1B17E8FC0023DE01 /* Project object */;
			proxyType = 1;
			remoteGlobalIDString = D54BC8421B17E8FC0023DE01;
			remoteInfo = FrontPage;
		};
/* End PBXContainerItemProxy section */

/* Begin PBXFileReference section */
		D54BC8431B17E8FC0023DE01 /* FrontPage.app */ = {isa = PBXFileReference; explicitFileType = wrapper.application; includeInIndex = 0; path = FrontPage.app; sourceTree = BUILT_PRODUCTS_DIR; };
		D54BC8471B17E8FC0023DE01 /* Info.plist */ = {isa = PBXFileReference; lastKnownFileType = text.plist.xml; path = Info.plist; sourceTree = "<group>"; };
		D54BC8481B17E8FC0023DE01 /* main.m */ = {isa = PBXFileReference; lastKnownFileType = sourcecode.c.objc; path = main.m; sourceTree = "<group>"; };
		D54BC84A1B17E8FC0023DE01 /* AppDelegate.h */ = {isa = PBXFileReference; lastKnownFileType = sourcecode.c.h; path = AppDelegate.h; sourceTree = "<group>"; };
		D54BC84B1B17E8FC0023DE01 /* AppDelegate.m */ = {isa = PBXFileReference; lastKnownFileType = sourcecode.c.objc; path = AppDelegate.m; sourceTree = "<group>"; };
		D54BC84E1B17E8FC0023DE01 /* FrontPage.xcdatamodel */ = {isa = PBXFileReference; lastKnownFileType = wrapper.xcdatamodel; path = FrontPage.xcdatamodel; sourceTree = "<group>"; };
		D54BC8501B17E8FC0023DE01 /* ViewController.h */ = {isa = PBXFileReference; lastKnownFileType = sourcecode.c.h; path = ViewController.h; sourceTree = "<group>"; };
		D54BC8511B17E8FC0023DE01 /* ViewController.m */ = {isa = PBXFileReference; lastKnownFileType = sourcecode.c.objc; path = ViewController.m; sourceTree = "<group>"; };
		D54BC8541B17E8FC0023DE01 /* Base */ = {isa = PBXFileReference; lastKnownFileType = file.storyboard; name = Base; path = Base.lproj/Main.storyboard; sourceTree = "<group>"; };
		D54BC8561B17E8FC0023DE01 /* Images.xcassets */ = {isa = PBXFileReference; lastKnownFileType = folder.assetcatalog; path = Images.xcassets; sourceTree = "<group>"; };
		D54BC8591B17E8FC0023DE01 /* Base */ = {isa = PBXFileReference; lastKnownFileType = file.xib; name = Base; path = Base.lproj/LaunchScreen.xib; sourceTree = "<group>"; };
		D54BC85F1B17E8FC0023DE01 /* FrontPageTests.xctest */ = {isa = PBXFileReference; explicitFileType = wrapper.cfbundle; includeInIndex = 0; path = FrontPageTests.xctest; sourceTree = BUILT_PRODUCTS_DIR; };
		D54BC8641B17E8FC0023DE01 /* Info.plist */ = {isa = PBXFileReference; lastKnownFileType = text.plist.xml; path = Info.plist; sourceTree = "<group>"; };
		D54BC8651B17E8FC0023DE01 /* FrontPageTests.m */ = {isa = PBXFileReference; lastKnownFileType = sourcecode.c.objc; path = FrontPageTests.m; sourceTree = "<group>"; };
		D54BC86F1B17EA670023DE01 /* dayuan@3x.png */ = {isa = PBXFileReference; lastKnownFileType = image.png; path = "dayuan@3x.png"; sourceTree = "<group>"; };
		D54BC8701B17EA670023DE01 /* nanzhuang@3x.png */ = {isa = PBXFileReference; lastKnownFileType = image.png; path = "nanzhuang@3x.png"; sourceTree = "<group>"; };
		D54BC8711B17EA670023DE01 /* nvzhuang@3x.png */ = {isa = PBXFileReference; lastKnownFileType = image.png; path = "nvzhuang@3x.png"; sourceTree = "<group>"; };
		D54BC8721B17EA670023DE01 /* xiaodian@3x.png */ = {isa = PBXFileReference; lastKnownFileType = image.png; path = "xiaodian@3x.png"; sourceTree = "<group>"; };
		D54BC8771B17EBD30023DE01 /* dayuanfront@3x.png */ = {isa = PBXFileReference; lastKnownFileType = image.png; path = "dayuanfront@3x.png"; sourceTree = "<group>"; };
		D54BC8791B17F3540023DE01 /* MyPlayground.playground */ = {isa = PBXFileReference; lastKnownFileType = file.playground; path = MyPlayground.playground; sourceTree = "<group>"; };
		D54BC87A1B1847760023DE01 /* dadian@3x.png */ = {isa = PBXFileReference; lastKnownFileType = image.png; path = "dadian@3x.png"; sourceTree = "<group>"; };
/* End PBXFileReference section */

/* Begin PBXFrameworksBuildPhase section */
		D54BC8401B17E8FC0023DE01 /* Frameworks */ = {
			isa = PBXFrameworksBuildPhase;
			buildActionMask = 2147483647;
			files = (
			);
			runOnlyForDeploymentPostprocessing = 0;
		};
		D54BC85C1B17E8FC0023DE01 /* Frameworks */ = {
			isa = PBXFrameworksBuildPhase;
			buildActionMask = 2147483647;
			files = (
			);
			runOnlyForDeploymentPostprocessing = 0;
		};
/* End PBXFrameworksBuildPhase section */

/* Begin PBXGroup section */
		D54BC83A1B17E8FC0023DE01 = {
			isa = PBXGroup;
			children = (
				D54BC8791B17F3540023DE01 /* MyPlayground.playground */,
				D54BC8451B17E8FC0023DE01 /* FrontPage */,
				D54BC8621B17E8FC0023DE01 /* FrontPageTests */,
				D54BC8441B17E8FC0023DE01 /* Products */,
			);
			sourceTree = "<group>";
		};
		D54BC8441B17E8FC0023DE01 /* Products */ = {
			isa = PBXGroup;
			children = (
				D54BC8431B17E8FC0023DE01 /* FrontPage.app */,
				D54BC85F1B17E8FC0023DE01 /* FrontPageTests.xctest */,
			);
			name = Products;
			sourceTree = "<group>";
		};
		D54BC8451B17E8FC0023DE01 /* FrontPage */ = {
			isa = PBXGroup;
			children = (
				D54BC86F1B17EA670023DE01 /* dayuan@3x.png */,
				D54BC8771B17EBD30023DE01 /* dayuanfront@3x.png */,
				D54BC8701B17EA670023DE01 /* nanzhuang@3x.png */,
				D54BC8711B17EA670023DE01 /* nvzhuang@3x.png */,
				D54BC87A1B1847760023DE01 /* dadian@3x.png */,
				D54BC8721B17EA670023DE01 /* xiaodian@3x.png */,
				D54BC84A1B17E8FC0023DE01 /* AppDelegate.h */,
				D54BC84B1B17E8FC0023DE01 /* AppDelegate.m */,
				D54BC8501B17E8FC0023DE01 /* ViewController.h */,
				D54BC8511B17E8FC0023DE01 /* ViewController.m */,
				D54BC8531B17E8FC0023DE01 /* Main.storyboard */,
				D54BC8561B17E8FC0023DE01 /* Images.xcassets */,
				D54BC8581B17E8FC0023DE01 /* LaunchScreen.xib */,
				D54BC84D1B17E8FC0023DE01 /* FrontPage.xcdatamodeld */,
				D54BC8461B17E8FC0023DE01 /* Supporting Files */,
			);
			path = FrontPage;
			sourceTree = "<group>";
		};
		D54BC8461B17E8FC0023DE01 /* Supporting Files */ = {
			isa = PBXGroup;
			children = (
				D54BC8471B17E8FC0023DE01 /* Info.plist */,
				D54BC8481B17E8FC0023DE01 /* main.m */,
			);
			name = "Supporting Files";
			sourceTree = "<group>";
		};
		D54BC8621B17E8FC0023DE01 /* FrontPageTests */ = {
			isa = PBXGroup;
			children = (
				D54BC8651B17E8FC0023DE01 /* FrontPageTests.m */,
				D54BC8631B17E8FC0023DE01 /* Supporting Files */,
			);
			path = FrontPageTests;
			sourceTree = "<group>";
		};
		D54BC8631B17E8FC0023DE01 /* Supporting Files */ = {
			isa = PBXGroup;
			children = (
				D54BC8641B17E8FC0023DE01 /* Info.plist */,
			);
			name = "Supporting Files";
			sourceTree = "<group>";
		};
/* End PBXGroup section */

/* Begin PBXNativeTarget section */
		D54BC8421B17E8FC0023DE01 /* FrontPage */ = {
			isa = PBXNativeTarget;
			buildConfigurationList = D54BC8691B17E8FC0023DE01 /* Build configuration list for PBXNativeTarget "FrontPage" */;
			buildPhases = (
				D54BC83F1B17E8FC0023DE01 /* Sources */,
				D54BC8401B17E8FC0023DE01 /* Frameworks */,
				D54BC8411B17E8FC0023DE01 /* Resources */,
			);
			buildRules = (
			);
			dependencies = (
			);
			name = FrontPage;
			productName = FrontPage;
			productReference = D54BC8431B17E8FC0023DE01 /* FrontPage.app */;
			productType = "com.apple.product-type.application";
		};
		D54BC85E1B17E8FC0023DE01 /* FrontPageTests */ = {
			isa = PBXNativeTarget;
			buildConfigurationList = D54BC86C1B17E8FC0023DE01 /* Build configuration list for PBXNativeTarget "FrontPageTests" */;
			buildPhases = (
				D54BC85B1B17E8FC0023DE01 /* Sources */,
				D54BC85C1B17E8FC0023DE01 /* Frameworks */,
				D54BC85D1B17E8FC0023DE01 /* Resources */,
			);
			buildRules = (
			);
			dependencies = (
				D54BC8611B17E8FC0023DE01 /* PBXTargetDependency */,
			);
			name = FrontPageTests;
			productName = FrontPageTests;
			productReference = D54BC85F1B17E8FC0023DE01 /* FrontPageTests.xctest */;
			productType = "com.apple.product-type.bundle.unit-test";
		};
/* End PBXNativeTarget section */

/* Begin PBXProject section */
		D54BC83B1B17E8FC0023DE01 /* Project object */ = {
			isa = PBXProject;
			attributes = {
				LastUpgradeCheck = 0630;
				ORGANIZATIONNAME = "Zhaoyu Li";
				TargetAttributes = {
					D54BC8421B17E8FC0023DE01 = {
						CreatedOnToolsVersion = 6.3.2;
					};
					D54BC85E1B17E8FC0023DE01 = {
						CreatedOnToolsVersion = 6.3.2;
						TestTargetID = D54BC8421B17E8FC0023DE01;
					};
				};
			};
			buildConfigurationList = D54BC83E1B17E8FC0023DE01 /* Build configuration list for PBXProject "FrontPage" */;
			compatibilityVersion = "Xcode 3.2";
			developmentRegion = English;
			hasScannedForEncodings = 0;
			knownRegions = (
				en,
				Base,
			);
			mainGroup = D54BC83A1B17E8FC0023DE01;
			productRefGroup = D54BC8441B17E8FC0023DE01 /* Products */;
			projectDirPath = "";
			projectRoot = "";
			targets = (
				D54BC8421B17E8FC0023DE01 /* FrontPage */,
				D54BC85E1B17E8FC0023DE01 /* FrontPageTests */,
			);
		};
/* End PBXProject section */

/* Begin PBXResourcesBuildPhase section */
		D54BC8411B17E8FC0023DE01 /* Resources */ = {
			isa = PBXResourcesBuildPhase;
			buildActionMask = 2147483647;
			files = (
				D54BC8761B17EA670023DE01 /* xiaodian@3x.png in Resources */,
				D54BC87B1B1847760023DE01 /* dadian@3x.png in Resources */,
				D54BC8751B17EA670023DE01 /* nvzhuang@3x.png in Resources */,
				D54BC8551B17E8FC0023DE01 /* Main.storyboard in Resources */,
				D54BC8781B17EBD30023DE01 /* dayuanfront@3x.png in Resources */,
				D54BC8731B17EA670023DE01 /* dayuan@3x.png in Resources */,
				D54BC8741B17EA670023DE01 /* nanzhuang@3x.png in Resources */,
				D54BC85A1B17E8FC0023DE01 /* LaunchScreen.xib in Resources */,
				D54BC8571B17E8FC0023DE01 /* Images.xcassets in Resources */,
			);
			runOnlyForDeploymentPostprocessing = 0;
		};
		D54BC85D1B17E8FC0023DE01 /* Resources */ = {
			isa = PBXResourcesBuildPhase;
			buildActionMask = 2147483647;
			files = (
			);
			runOnlyForDeploymentPostprocessing = 0;
		};
/* End PBXResourcesBuildPhase section */

/* Begin PBXSourcesBuildPhase section */
		D54BC83F1B17E8FC0023DE01 /* Sources */ = {
			isa = PBXSourcesBuildPhase;
			buildActionMask = 2147483647;
			files = (
				D54BC84F1B17E8FC0023DE01 /* FrontPage.xcdatamodeld in Sources */,
				D54BC84C1B17E8FC0023DE01 /* AppDelegate.m in Sources */,
				D54BC8521B17E8FC0023DE01 /* ViewController.m in Sources */,
				D54BC8491B17E8FC0023DE01 /* main.m in Sources */,
			);
			runOnlyForDeploymentPostprocessing = 0;
		};
		D54BC85B1B17E8FC0023DE01 /* Sources */ = {
			isa = PBXSourcesBuildPhase;
			buildActionMask = 2147483647;
			files = (
				D54BC8661B17E8FC0023DE01 /* FrontPageTests.m in Sources */,
			);
			runOnlyForDeploymentPostprocessing = 0;
		};
/* End PBXSourcesBuildPhase section */

/* Begin PBXTargetDependency section */
		D54BC8611B17E8FC0023DE01 /* PBXTargetDependency */ = {
			isa = PBXTargetDependency;
			target = D54BC8421B17E8FC0023DE01 /* FrontPage */;
			targetProxy = D54BC8601B17E8FC0023DE01 /* PBXContainerItemProxy */;
		};
/* End PBXTargetDependency section */

/* Begin PBXVariantGroup section */
		D54BC8531B17E8FC0023DE01 /* Main.storyboard */ = {
			isa = PBXVariantGroup;
			children = (
				D54BC8541B17E8FC0023DE01 /* Base */,
			);
			name = Main.storyboard;
			sourceTree = "<group>";
		};
		D54BC8581B17E8FC0023DE01 /* LaunchScreen.xib */ = {
			isa = PBXVariantGroup;
			children = (
				D54BC8591B17E8FC0023DE01 /* Base */,
			);
			name = LaunchScreen.xib;
			sourceTree = "<group>";
		};
/* End PBXVariantGroup section */

/* Begin XCBuildConfiguration section */
		D54BC8671B17E8FC0023DE01 /* Debug */ = {
			isa = XCBuildConfiguration;
			buildSettings = {
				ALWAYS_SEARCH_USER_PATHS = NO;
				CLANG_CXX_LANGUAGE_STANDARD = "gnu++0x";
				CLANG_CXX_LIBRARY = "libc++";
				CLANG_ENABLE_MODULES = YES;
				CLANG_ENABLE_OBJC_ARC = YES;
				CLANG_WARN_BOOL_CONVERSION = YES;
				CLANG_WARN_CONSTANT_CONVERSION = YES;
				CLANG_WARN_DIRECT_OBJC_ISA_USAGE = YES_ERROR;
				CLANG_WARN_EMPTY_BODY = YES;
				CLANG_WARN_ENUM_CONVERSION = YES;
				CLANG_WARN_INT_CONVERSION = YES;
				CLANG_WARN_OBJC_ROOT_CLASS = YES_ERROR;
				CLANG_WARN_UNREACHABLE_CODE = YES;
				CLANG_WARN__DUPLICATE_METHOD_MATCH = YES;
				"CODE_SIGN_IDENTITY[sdk=iphoneos*]" = "iPhone Developer";
				COPY_PHASE_STRIP = NO;
				DEBUG_INFORMATION_FORMAT = "dwarf-with-dsym";
				ENABLE_STRICT_OBJC_MSGSEND = YES;
				GCC_C_LANGUAGE_STANDARD = gnu99;
				GCC_DYNAMIC_NO_PIC = NO;
				GCC_NO_COMMON_BLOCKS = YES;
				GCC_OPTIMIZATION_LEVEL = 0;
				GCC_PREPROCESSOR_DEFINITIONS = (
					"DEBUG=1",
					"$(inherited)",
				);
				GCC_SYMBOLS_PRIVATE_EXTERN = NO;
				GCC_WARN_64_TO_32_BIT_CONVERSION = YES;
				GCC_WARN_ABOUT_RETURN_TYPE = YES_ERROR;
				GCC_WARN_UNDECLARED_SELECTOR = YES;
				GCC_WARN_UNINITIALIZED_AUTOS = YES_AGGRESSIVE;
				GCC_WARN_UNUSED_FUNCTION = YES;
				GCC_WARN_UNUSED_VARIABLE = YES;
				IPHONEOS_DEPLOYMENT_TARGET = 8.3;
				MTL_ENABLE_DEBUG_INFO = YES;
				ONLY_ACTIVE_ARCH = YES;
				SDKROOT = iphoneos;
			};
			name = Debug;
		};
		D54BC8681B17E8FC0023DE01 /* Release */ = {
			isa = XCBuildConfiguration;
			buildSettings = {
				ALWAYS_SEARCH_USER_PATHS = NO;
				CLANG_CXX_LANGUAGE_STANDARD = "gnu++0x";
				CLANG_CXX_LIBRARY = "libc++";
				CLANG_ENABLE_MODULES = YES;
				CLANG_ENABLE_OBJC_ARC = YES;
				CLANG_WARN_BOOL_CONVERSION = YES;
				CLANG_WARN_CONSTANT_CONVERSION = YES;
				CLANG_WARN_DIRECT_OBJC_ISA_USAGE = YES_ERROR;
				CLANG_WARN_EMPTY_BODY = YES;
				CLANG_WARN_ENUM_CONVERSION = YES;
				CLANG_WARN_INT_CONVERSION = YES;
				CLANG_WARN_OBJC_ROOT_CLASS = YES_ERROR;
				CLANG_WARN_UNREACHABLE_CODE = YES;
				CLANG_WARN__DUPLICATE_METHOD_MATCH = YES;
				"CODE_SIGN_IDENTITY[sdk=iphoneos*]" = "iPhone Developer";
				COPY_PHASE_STRIP = NO;
				DEBUG_INFORMATION_FORMAT = "dwarf-with-dsym";
				ENABLE_NS_ASSERTIONS = NO;
				ENABLE_STRICT_OBJC_MSGSEND = YES;
				GCC_C_LANGUAGE_STANDARD = gnu99;
				GCC_NO_COMMON_BLOCKS = YES;
				GCC_WARN_64_TO_32_BIT_CONVERSION = YES;
				GCC_WARN_ABOUT_RETURN_TYPE = YES_ERROR;
				GCC_WARN_UNDECLARED_SELECTOR = YES;
				GCC_WARN_UNINITIALIZED_AUTOS = YES_AGGRESSIVE;
				GCC_WARN_UNUSED_FUNCTION = YES;
				GCC_WARN_UNUSED_VARIABLE = YES;
				IPHONEOS_DEPLOYMENT_TARGET = 8.3;
				MTL_ENABLE_DEBUG_INFO = NO;
				SDKROOT = iphoneos;
				VALIDATE_PRODUCT = YES;
			};
			name = Release;
		};
		D54BC86A1B17E8FC0023DE01 /* Debug */ = {
			isa = XCBuildConfiguration;
			buildSettings = {
				ASSETCATALOG_COMPILER_APPICON_NAME = AppIcon;
				INFOPLIST_FILE = FrontPage/Info.plist;
				LD_RUNPATH_SEARCH_PATHS = "$(inherited) @executable_path/Frameworks";
				PRODUCT_NAME = "$(TARGET_NAME)";
			};
			name = Debug;
		};
		D54BC86B1B17E8FC0023DE01 /* Release */ = {
			isa = XCBuildConfiguration;
			buildSettings = {
				ASSETCATALOG_COMPILER_APPICON_NAME = AppIcon;
				INFOPLIST_FILE = FrontPage/Info.plist;
				LD_RUNPATH_SEARCH_PATHS = "$(inherited) @executable_path/Frameworks";
				PRODUCT_NAME = "$(TARGET_NAME)";
			};
			name = Release;
		};
		D54BC86D1B17E8FC0023DE01 /* Debug */ = {
			isa = XCBuildConfiguration;
			buildSettings = {
				BUNDLE_LOADER = "$(TEST_HOST)";
				FRAMEWORK_SEARCH_PATHS = (
					"$(SDKROOT)/Developer/Library/Frameworks",
					"$(inherited)",
				);
				GCC_PREPROCESSOR_DEFINITIONS = (
					"DEBUG=1",
					"$(inherited)",
				);
				INFOPLIST_FILE = FrontPageTests/Info.plist;
				LD_RUNPATH_SEARCH_PATHS = "$(inherited) @executable_path/Frameworks @loader_path/Frameworks";
				PRODUCT_NAME = "$(TARGET_NAME)";
				TEST_HOST = "$(BUILT_PRODUCTS_DIR)/FrontPage.app/FrontPage";
			};
			name = Debug;
		};
		D54BC86E1B17E8FC0023DE01 /* Release */ = {
			isa = XCBuildConfiguration;
			buildSettings = {
				BUNDLE_LOADER = "$(TEST_HOST)";
				FRAMEWORK_SEARCH_PATHS = (
					"$(SDKROOT)/Developer/Library/Frameworks",
					"$(inherited)",
				);
				INFOPLIST_FILE = FrontPageTests/Info.plist;
				LD_RUNPATH_SEARCH_PATHS = "$(inherited) @executable_path/Frameworks @loader_path/Frameworks";
				PRODUCT_NAME = "$(TARGET_NAME)";
				TEST_HOST = "$(BUILT_PRODUCTS_DIR)/FrontPage.app/FrontPage";
			};
			name = Release;
		};
/* End XCBuildConfiguration section */

/* Begin XCConfigurationList section */
		D54BC83E1B17E8FC0023DE01 /* Build configuration list for PBXProject "FrontPage" */ = {
			isa = XCConfigurationList;
			buildConfigurations = (
				D54BC8671B17E8FC0023DE01 /* Debug */,
				D54BC8681B17E8FC0023DE01 /* Release */,
			);
			defaultConfigurationIsVisible = 0;
			defaultConfigurationName = Release;
		};
		D54BC8691B17E8FC0023DE01 /* Build configuration list for PBXNativeTarget "FrontPage" */ = {
			isa = XCConfigurationList;
			buildConfigurations = (
				D54BC86A1B17E8FC0023DE01 /* Debug */,
				D54BC86B1B17E8FC0023DE01 /* Release */,
			);
			defaultConfigurationIsVisible = 0;
		};
		D54BC86C1B17E8FC0023DE01 /* Build configuration list for PBXNativeTarget "FrontPageTests" */ = {
			isa = XCConfigurationList;
			buildConfigurations = (
				D54BC86D1B17E8FC0023DE01 /* Debug */,
				D54BC86E1B17E8FC0023DE01 /* Release */,
			);
			defaultConfigurationIsVisible = 0;
		};
/* End XCConfigurationList section */

/* Begin XCVersionGroup section */
		D54BC84D1B17E8FC0023DE01 /* FrontPage.xcdatamodeld */ = {
			isa = XCVersionGroup;
			children = (
				D54BC84E1B17E8FC0023DE01 /* FrontPage.xcdatamodel */,
			);
			currentVersion = D54BC84E1B17E8FC0023DE01 /* FrontPage.xcdatamodel */;
			path = FrontPage.xcdatamodeld;
			sourceTree = "<group>";
			versionGroupType = wrapper.xcdatamodel;
		};
/* End XCVersionGroup section */
	};
	rootObject = D54BC83B1B17E8FC0023DE01 /* Project object */;
}
